
Microsoft Visual Studio Solution File, Format Version 12.00
# Visual Studio 15
VisualStudioVersion = 15.0.26430.16
MinimumVisualStudioVersion = 10.0.40219.1
Project("{FAE04EC0-301F-11D3-BF4B-00C04F79EFBC}") = "serviceProvider1", "serviceProvider1\serviceProvider1.csproj", "{A0A4C43A-8CA9-4A80-B9D8-BCAC116A1D41}"
EndProject
Project("{FAE04EC0-301F-11D3-BF4B-00C04F79EFBC}") = "serviceProject2", "serviceProject2\serviceProject2.csproj", "{96D66470-8028-4C5B-A674-AD94B66DCE3A}"
EndProject
Project("{FAE04EC0-301F-11D3-BF4B-00C04F79EFBC}") = "IdentityProvider", "IdentityProvider\IdentityProvider.csproj", "{CB594EB9-4E8A-40A7-8B77-57430157641F}"
EndProject
Global
	GlobalSection(SolutionConfigurationPlatforms) = preSolution
		Debug|Any CPU = Debug|Any CPU
		Release|Any CPU = Release|Any CPU
	EndGlobalSection
	GlobalSection(ProjectConfigurationPlatforms) = postSolution
		{A0A4C43A-8CA9-4A80-B9D8-BCAC116A1D41}.Debug|Any CPU.ActiveCfg = Debug|Any CPU
		{A0A4C43A-8CA9-4A80-B9D8-BCAC116A1D41}.Debug|Any CPU.Build.0 = Debug|Any CPU
		{A0A4C43A-8CA9-4A80-B9D8-BCAC116A1D41}.Release|Any CPU.ActiveCfg = Release|Any CPU
		{A0A4C43A-8CA9-4A80-B9D8-BCAC116A1D41}.Release|Any CPU.Build.0 = Release|Any CPU
		{96D66470-8028-4C5B-A674-AD94B66DCE3A}.Debug|Any CPU.ActiveCfg = Debug|Any CPU
		{96D66470-8028-4C5B-A674-AD94B66DCE3A}.Debug|Any CPU.Build.0 = Debug|Any CPU
		{96D66470-8028-4C5B-A674-AD94B66DCE3A}.Release|Any CPU.ActiveCfg = Release|Any CPU
		{96D66470-8028-4C5B-A674-AD94B66DCE3A}.Release|Any CPU.Build.0 = Release|Any CPU
		{CB594EB9-4E8A-40A7-8B77-57430157641F}.Debug|Any CPU.ActiveCfg = Debug|Any CPU
		{CB594EB9-4E8A-40A7-8B77-57430157641F}.Debug|Any CPU.Build.0 = Debug|Any CPU
		{CB594EB9-4E8A-40A7-8B77-57430157641F}.Release|Any CPU.ActiveCfg = Release|Any CPU
		{CB594EB9-4E8A-40A7-8B77-57430157641F}.Release|Any CPU.Build.0 = Release|Any CPU
	EndGlobalSection
	GlobalSection(SolutionProperties) = preSolution
		HideSolutionNode = FALSE
	EndGlobalSection
EndGlobal
